
Microsoft Visual Studio Solution File, Format Version 12.00
# Visual Studio Version 16
VisualStudioVersion = 16.0.30523.141
MinimumVisualStudioVersion = 10.0.40219.1
Project("{FAE04EC0-301F-11D3-BF4B-00C04F79EFBC}") = "IzmakoProjesi", "IzmakoProjesi\IzmakoProjesi.csproj", "{67D4B8BE-0515-475C-BA5D-EBD766554FBC}"
EndProject
Global
	GlobalSection(SolutionConfigurationPlatforms) = preSolution
		Debug|Any CPU = Debug|Any CPU
		Release|Any CPU = Release|Any CPU
	EndGlobalSection
	GlobalSection(ProjectConfigurationPlatforms) = postSolution
		{67D4B8BE-0515-475C-BA5D-EBD766554FBC}.Debug|Any CPU.ActiveCfg = Debug|Any CPU
		{67D4B8BE-0515-475C-BA5D-EBD766554FBC}.Debug|Any CPU.Build.0 = Debug|Any CPU
		{67D4B8BE-0515-475C-BA5D-EBD766554FBC}.Release|Any CPU.ActiveCfg = Release|Any CPU
		{67D4B8BE-0515-475C-BA5D-EBD766554FBC}.Release|Any CPU.Build.0 = Release|Any CPU
	EndGlobalSection
	GlobalSection(SolutionProperties) = preSolution
		HideSolutionNode = FALSE
	EndGlobalSection
	GlobalSection(ExtensibilityGlobals) = postSolution
		SolutionGuid = {A9F94B76-DFE4-4D92-805F-7BCE526C8B95}
	EndGlobalSection
EndGlobal
